
Microsoft Visual Studio Solution File, Format Version 12.00
# Visual Studio 15
VisualStudioVersion = 15.0.28307.1738
MinimumVisualStudioVersion = 10.0.40219.1
Project("{FAE04EC0-301F-11D3-BF4B-00C04F79EFBC}") = "WCS", "WCS\WCS.csproj", "{70C72487-2870-48BF-8046-32C9AC2848A8}"
EndProject
Global
	GlobalSection(SolutionConfigurationPlatforms) = preSolution
		Debug|Any CPU = Debug|Any CPU
		Release|Any CPU = Release|Any CPU
	EndGlobalSection
	GlobalSection(ProjectConfigurationPlatforms) = postSolution
		{70C72487-2870-48BF-8046-32C9AC2848A8}.Debug|Any CPU.ActiveCfg = Debug|Any CPU
		{70C72487-2870-48BF-8046-32C9AC2848A8}.Debug|Any CPU.Build.0 = Debug|Any CPU
		{70C72487-2870-48BF-8046-32C9AC2848A8}.Release|Any CPU.ActiveCfg = Release|Any CPU
		{70C72487-2870-48BF-8046-32C9AC2848A8}.Release|Any CPU.Build.0 = Release|Any CPU
	EndGlobalSection
	GlobalSection(SolutionProperties) = preSolution
		HideSolutionNode = FALSE
	EndGlobalSection
	GlobalSection(ExtensibilityGlobals) = postSolution
		SolutionGuid = {249397AB-E25D-48C0-BDA8-77BEBD145779}
	EndGlobalSection
EndGlobal
